
Microsoft Visual Studio Solution File, Format Version 12.00
# Visual Studio Version 17
VisualStudioVersion = 17.8.34330.188
MinimumVisualStudioVersion = 10.0.40219.1
Project("{2150E333-8FDC-42A3-9474-1A3956D46DE8}") = "src", "src", "{25D8E418-661D-4862-A40E-14E1F2298B69}"
EndProject
Project("{2150E333-8FDC-42A3-9474-1A3956D46DE8}") = "test", "test", "{DA7C3DEE-9A84-443A-9E28-4DB44936B4F6}"
EndProject
Project("{9A19103F-16F7-4668-BE54-9A1E7A4F7556}") = "Application", "src\Application\Application.csproj", "{88AF9EC1-82C6-4973-AF02-6A74D653EE29}"
EndProject
Project("{9A19103F-16F7-4668-BE54-9A1E7A4F7556}") = "Domain", "src\Domain\Domain.csproj", "{F3C7E82F-B13D-4A7F-90D6-2B2BA3B4F693}"
EndProject
Project("{9A19103F-16F7-4668-BE54-9A1E7A4F7556}") = "Exercise3.UnitTests", "tests\Exercise3.UnitTests\Exercise3.UnitTests.csproj", "{168EB1BC-1C01-4E29-A506-A5E9B5DCCE3A}"
EndProject
Project("{9A19103F-16F7-4668-BE54-9A1E7A4F7556}") = "ConsoleApp", "src\ConsoleApp\ConsoleApp.csproj", "{0545B052-A403-4CE3-B82D-8601D1CD889B}"
EndProject
Project("{2150E333-8FDC-42A3-9474-1A3956D46DE8}") = "Core", "Core", "{477C9593-EA5F-4D02-9D0A-D537D075B816}"
EndProject
Project("{FAE04EC0-301F-11D3-BF4B-00C04F79EFBC}") = "Infrastructure", "src\Infrastructure\Infrastructure.csproj", "{B59E600C-6629-4050-A177-E01676F7C3B3}"
EndProject
Project("{2150E333-8FDC-42A3-9474-1A3956D46DE8}") = "Presentations", "Presentations", "{5E513BD4-6D81-4C9F-B32F-1D17A080DB78}"
EndProject
Project("{2150E333-8FDC-42A3-9474-1A3956D46DE8}") = "Exercise1", "Exercise1", "{A3EF7B20-125A-4C21-A2AB-6264A77ABC21}"
EndProject
Project("{2150E333-8FDC-42A3-9474-1A3956D46DE8}") = "Exercise3", "Exercise3", "{C76AEBBC-5C24-4BE5-99EC-0C3BCDBEEA06}"
EndProject
Project("{FAE04EC0-301F-11D3-BF4B-00C04F79EFBC}") = "WorkerService", "src\WorkerService\WorkerService.csproj", "{51B5103B-74DD-4279-8208-53F4D9E8A1B8}"
EndProject
Global
	GlobalSection(SolutionConfigurationPlatforms) = preSolution
		Debug|Any CPU = Debug|Any CPU
		Release|Any CPU = Release|Any CPU
	EndGlobalSection
	GlobalSection(ProjectConfigurationPlatforms) = postSolution
		{88AF9EC1-82C6-4973-AF02-6A74D653EE29}.Debug|Any CPU.ActiveCfg = Debug|Any CPU
		{88AF9EC1-82C6-4973-AF02-6A74D653EE29}.Debug|Any CPU.Build.0 = Debug|Any CPU
		{88AF9EC1-82C6-4973-AF02-6A74D653EE29}.Release|Any CPU.ActiveCfg = Release|Any CPU
		{88AF9EC1-82C6-4973-AF02-6A74D653EE29}.Release|Any CPU.Build.0 = Release|Any CPU
		{F3C7E82F-B13D-4A7F-90D6-2B2BA3B4F693}.Debug|Any CPU.ActiveCfg = Debug|Any CPU
		{F3C7E82F-B13D-4A7F-90D6-2B2BA3B4F693}.Debug|Any CPU.Build.0 = Debug|Any CPU
		{F3C7E82F-B13D-4A7F-90D6-2B2BA3B4F693}.Release|Any CPU.ActiveCfg = Release|Any CPU
		{F3C7E82F-B13D-4A7F-90D6-2B2BA3B4F693}.Release|Any CPU.Build.0 = Release|Any CPU
		{168EB1BC-1C01-4E29-A506-A5E9B5DCCE3A}.Debug|Any CPU.ActiveCfg = Debug|Any CPU
		{168EB1BC-1C01-4E29-A506-A5E9B5DCCE3A}.Debug|Any CPU.Build.0 = Debug|Any CPU
		{168EB1BC-1C01-4E29-A506-A5E9B5DCCE3A}.Release|Any CPU.ActiveCfg = Release|Any CPU
		{168EB1BC-1C01-4E29-A506-A5E9B5DCCE3A}.Release|Any CPU.Build.0 = Release|Any CPU
		{0545B052-A403-4CE3-B82D-8601D1CD889B}.Debug|Any CPU.ActiveCfg = Debug|Any CPU
		{0545B052-A403-4CE3-B82D-8601D1CD889B}.Debug|Any CPU.Build.0 = Debug|Any CPU
		{0545B052-A403-4CE3-B82D-8601D1CD889B}.Release|Any CPU.ActiveCfg = Release|Any CPU
		{0545B052-A403-4CE3-B82D-8601D1CD889B}.Release|Any CPU.Build.0 = Release|Any CPU
		{B59E600C-6629-4050-A177-E01676F7C3B3}.Debug|Any CPU.ActiveCfg = Debug|Any CPU
		{B59E600C-6629-4050-A177-E01676F7C3B3}.Debug|Any CPU.Build.0 = Debug|Any CPU
		{B59E600C-6629-4050-A177-E01676F7C3B3}.Release|Any CPU.ActiveCfg = Release|Any CPU
		{B59E600C-6629-4050-A177-E01676F7C3B3}.Release|Any CPU.Build.0 = Release|Any CPU
		{51B5103B-74DD-4279-8208-53F4D9E8A1B8}.Debug|Any CPU.ActiveCfg = Debug|Any CPU
		{51B5103B-74DD-4279-8208-53F4D9E8A1B8}.Debug|Any CPU.Build.0 = Debug|Any CPU
		{51B5103B-74DD-4279-8208-53F4D9E8A1B8}.Release|Any CPU.ActiveCfg = Release|Any CPU
		{51B5103B-74DD-4279-8208-53F4D9E8A1B8}.Release|Any CPU.Build.0 = Release|Any CPU
	EndGlobalSection
	GlobalSection(SolutionProperties) = preSolution
		HideSolutionNode = FALSE
	EndGlobalSection
	GlobalSection(NestedProjects) = preSolution
		{88AF9EC1-82C6-4973-AF02-6A74D653EE29} = {477C9593-EA5F-4D02-9D0A-D537D075B816}
		{F3C7E82F-B13D-4A7F-90D6-2B2BA3B4F693} = {477C9593-EA5F-4D02-9D0A-D537D075B816}
		{168EB1BC-1C01-4E29-A506-A5E9B5DCCE3A} = {DA7C3DEE-9A84-443A-9E28-4DB44936B4F6}
		{0545B052-A403-4CE3-B82D-8601D1CD889B} = {C76AEBBC-5C24-4BE5-99EC-0C3BCDBEEA06}
		{477C9593-EA5F-4D02-9D0A-D537D075B816} = {25D8E418-661D-4862-A40E-14E1F2298B69}
		{B59E600C-6629-4050-A177-E01676F7C3B3} = {477C9593-EA5F-4D02-9D0A-D537D075B816}
		{5E513BD4-6D81-4C9F-B32F-1D17A080DB78} = {25D8E418-661D-4862-A40E-14E1F2298B69}
		{A3EF7B20-125A-4C21-A2AB-6264A77ABC21} = {5E513BD4-6D81-4C9F-B32F-1D17A080DB78}
		{C76AEBBC-5C24-4BE5-99EC-0C3BCDBEEA06} = {5E513BD4-6D81-4C9F-B32F-1D17A080DB78}
		{51B5103B-74DD-4279-8208-53F4D9E8A1B8} = {A3EF7B20-125A-4C21-A2AB-6264A77ABC21}
	EndGlobalSection
	GlobalSection(ExtensibilityGlobals) = postSolution
		SolutionGuid = {BE1A6A48-4D4E-44AF-8F47-FA69F6F19AFD}
	EndGlobalSection
EndGlobal
